
Microsoft Visual Studio Solution File, Format Version 12.00
# Visual Studio Version 16
VisualStudioVersion = 16.0.29709.97
MinimumVisualStudioVersion = 10.0.40219.1
Project("{8BC9CEB8-8B4A-11D0-8D11-00A0C91BC942}") = "AM-BSSD-5650", "AM-BSSD-5650\AM-BSSD-5650.vcxproj", "{B64AAEAF-0699-4C79-A855-10D9A54653AC}"
EndProject
Global
	GlobalSection(SolutionConfigurationPlatforms) = preSolution
		Debug|x64 = Debug|x64
		Debug|x86 = Debug|x86
		Release|x64 = Release|x64
		Release|x86 = Release|x86
	EndGlobalSection
	GlobalSection(ProjectConfigurationPlatforms) = postSolution
		{B64AAEAF-0699-4C79-A855-10D9A54653AC}.Debug|x64.ActiveCfg = Debug|x64
		{B64AAEAF-0699-4C79-A855-10D9A54653AC}.Debug|x64.Build.0 = Debug|x64
		{B64AAEAF-0699-4C79-A855-10D9A54653AC}.Debug|x86.ActiveCfg = Debug|Win32
		{B64AAEAF-0699-4C79-A855-10D9A54653AC}.Debug|x86.Build.0 = Debug|Win32
		{B64AAEAF-0699-4C79-A855-10D9A54653AC}.Release|x64.ActiveCfg = Release|x64
		{B64AAEAF-0699-4C79-A855-10D9A54653AC}.Release|x64.Build.0 = Release|x64
		{B64AAEAF-0699-4C79-A855-10D9A54653AC}.Release|x86.ActiveCfg = Release|Win32
		{B64AAEAF-0699-4C79-A855-10D9A54653AC}.Release|x86.Build.0 = Release|Win32
	EndGlobalSection
	GlobalSection(SolutionProperties) = preSolution
		HideSolutionNode = FALSE
	EndGlobalSection
	GlobalSection(ExtensibilityGlobals) = postSolution
		SolutionGuid = {797FC212-781C-4114-98A8-3D3677FA0D49}
	EndGlobalSection
EndGlobal
